// !$*UTF8*$!
{
	archiveVersion = 1;
	classes = {
	};
	objectVersion = 46;
	objects = {

/* Begin PBXBuildFile section */
		04561B101E952A94008D7F5D /* AppDelegate.swift in Sources */ = {isa = PBXBuildFile; fileRef = 04561B0F1E952A94008D7F5D /* AppDelegate.swift */; };
		04561B121E952A94008D7F5D /* FirstViewController.swift in Sources */ = {isa = PBXBuildFile; fileRef = 04561B111E952A94008D7F5D /* FirstViewController.swift */; };
		04561B141E952A94008D7F5D /* SecondViewController.swift in Sources */ = {isa = PBXBuildFile; fileRef = 04561B131E952A94008D7F5D /* SecondViewController.swift */; };
		04561B171E952A94008D7F5D /* Main.storyboard in Resources */ = {isa = PBXBuildFile; fileRef = 04561B151E952A94008D7F5D /* Main.storyboard */; };
		04561B191E952A94008D7F5D /* Assets.xcassets in Resources */ = {isa = PBXBuildFile; fileRef = 04561B181E952A94008D7F5D /* Assets.xcassets */; };
		04561B1C1E952A94008D7F5D /* LaunchScreen.storyboard in Resources */ = {isa = PBXBuildFile; fileRef = 04561B1A1E952A94008D7F5D /* LaunchScreen.storyboard */; };
		04AA623E1E9B96AA0002194B /* Running Rabbit-50.png in Resources */ = {isa = PBXBuildFile; fileRef = 04AA623C1E9B96A90002194B /* Running Rabbit-50.png */; };
		04AA623F1E9B96AA0002194B /* Turtle-50.png in Resources */ = {isa = PBXBuildFile; fileRef = 04AA623D1E9B96AA0002194B /* Turtle-50.png */; };
		04BAE0131E9786E10010779A /* dhammajak12minutes.mp3 in Resources */ = {isa = PBXBuildFile; fileRef = 04BAE0121E9786E00010779A /* dhammajak12minutes.mp3 */; };
		04BAE0191E97FD2B0010779A /* play.png in Resources */ = {isa = PBXBuildFile; fileRef = 04BAE0181E97FD2B0010779A /* play.png */; };
		04BAE01B1E97FD310010779A /* pause.png in Resources */ = {isa = PBXBuildFile; fileRef = 04BAE01A1E97FD310010779A /* pause.png */; };
		04BAE01D1E98176F0010779A /* background.png in Resources */ = {isa = PBXBuildFile; fileRef = 04BAE01C1E98176F0010779A /* background.png */; };
		04BAE01F1E9824410010779A /* tabbar-button-play.png in Resources */ = {isa = PBXBuildFile; fileRef = 04BAE01E1E9824410010779A /* tabbar-button-play.png */; };
		04BAE0211E9824ED0010779A /* tabbar-info.png in Resources */ = {isa = PBXBuildFile; fileRef = 04BAE0201E9824ED0010779A /* tabbar-info.png */; };
		04BAE0271E989D9C0010779A /* tabbar-icon-dhammajak.png in Resources */ = {isa = PBXBuildFile; fileRef = 04BAE0261E989D9C0010779A /* tabbar-icon-dhammajak.png */; };
		04F179F61E963D3F00BF87CD /* dhammajak.mp3 in Resources */ = {isa = PBXBuildFile; fileRef = 04F179F51E963D3F00BF87CD /* dhammajak.mp3 */; };
/* End PBXBuildFile section */

/* Begin PBXFileReference section */
		04561B0C1E952A94008D7F5D /* dmj108.app */ = {isa = PBXFileReference; explicitFileType = wrapper.application; includeInIndex = 0; path = dmj108.app; sourceTree = BUILT_PRODUCTS_DIR; };
		04561B0F1E952A94008D7F5D /* AppDelegate.swift */ = {isa = PBXFileReference; lastKnownFileType = sourcecode.swift; path = AppDelegate.swift; sourceTree = "<group>"; };
		04561B111E952A94008D7F5D /* FirstViewController.swift */ = {isa = PBXFileReference; lastKnownFileType = sourcecode.swift; path = FirstViewController.swift; sourceTree = "<group>"; };
		04561B131E952A94008D7F5D /* SecondViewController.swift */ = {isa = PBXFileReference; lastKnownFileType = sourcecode.swift; path = SecondViewController.swift; sourceTree = "<group>"; };
		04561B161E952A94008D7F5D /* Base */ = {isa = PBXFileReference; lastKnownFileType = file.storyboard; name = Base; path = Base.lproj/Main.storyboard; sourceTree = "<group>"; };
		04561B181E952A94008D7F5D /* Assets.xcassets */ = {isa = PBXFileReference; lastKnownFileType = folder.assetcatalog; path = Assets.xcassets; sourceTree = "<group>"; };
		04561B1B1E952A94008D7F5D /* Base */ = {isa = PBXFileReference; lastKnownFileType = file.storyboard; name = Base; path = Base.lproj/LaunchScreen.storyboard; sourceTree = "<group>"; };
		04561B1D1E952A94008D7F5D /* Info.plist */ = {isa = PBXFileReference; lastKnownFileType = text.plist.xml; path = Info.plist; sourceTree = "<group>"; };
		04AA623C1E9B96A90002194B /* Running Rabbit-50.png */ = {isa = PBXFileReference; lastKnownFileType = image.png; path = "Running Rabbit-50.png"; sourceTree = "<group>"; };
		04AA623D1E9B96AA0002194B /* Turtle-50.png */ = {isa = PBXFileReference; lastKnownFileType = image.png; path = "Turtle-50.png"; sourceTree = "<group>"; };
		04BAE0121E9786E00010779A /* dhammajak12minutes.mp3 */ = {isa = PBXFileReference; lastKnownFileType = audio.mp3; path = dhammajak12minutes.mp3; sourceTree = "<group>"; };
		04BAE0181E97FD2B0010779A /* play.png */ = {isa = PBXFileReference; lastKnownFileType = image.png; path = play.png; sourceTree = "<group>"; };
		04BAE01A1E97FD310010779A /* pause.png */ = {isa = PBXFileReference; lastKnownFileType = image.png; path = pause.png; sourceTree = "<group>"; };
		04BAE01C1E98176F0010779A /* background.png */ = {isa = PBXFileReference; lastKnownFileType = image.png; path = background.png; sourceTree = "<group>"; };
		04BAE01E1E9824410010779A /* tabbar-button-play.png */ = {isa = PBXFileReference; lastKnownFileType = image.png; path = "tabbar-button-play.png"; sourceTree = "<group>"; };
		04BAE0201E9824ED0010779A /* tabbar-info.png */ = {isa = PBXFileReference; lastKnownFileType = image.png; path = "tabbar-info.png"; sourceTree = "<group>"; };
		04BAE0261E989D9C0010779A /* tabbar-icon-dhammajak.png */ = {isa = PBXFileReference; lastKnownFileType = image.png; path = "tabbar-icon-dhammajak.png"; sourceTree = "<group>"; };
		04F179F51E963D3F00BF87CD /* dhammajak.mp3 */ = {isa = PBXFileReference; lastKnownFileType = audio.mp3; path = dhammajak.mp3; sourceTree = "<group>"; };
/* End PBXFileReference section */

/* Begin PBXFrameworksBuildPhase section */
		04561B091E952A94008D7F5D /* Frameworks */ = {
			isa = PBXFrameworksBuildPhase;
			buildActionMask = 2147483647;
			files = (
			);
			runOnlyForDeploymentPostprocessing = 0;
		};
/* End PBXFrameworksBuildPhase section */

/* Begin PBXGroup section */
		04561B031E952A94008D7F5D = {
			isa = PBXGroup;
			children = (
				04561B0E1E952A94008D7F5D /* dmj108 */,
				04561B0D1E952A94008D7F5D /* Products */,
			);
			sourceTree = "<group>";
		};
		04561B0D1E952A94008D7F5D /* Products */ = {
			isa = PBXGroup;
			children = (
				04561B0C1E952A94008D7F5D /* dmj108.app */,
			);
			name = Products;
			sourceTree = "<group>";
		};
		04561B0E1E952A94008D7F5D /* dmj108 */ = {
			isa = PBXGroup;
			children = (
				04561B0F1E952A94008D7F5D /* AppDelegate.swift */,
				04561B111E952A94008D7F5D /* FirstViewController.swift */,
				04561B131E952A94008D7F5D /* SecondViewController.swift */,
				04561B151E952A94008D7F5D /* Main.storyboard */,
				04561B181E952A94008D7F5D /* Assets.xcassets */,
				04BAE01C1E98176F0010779A /* background.png */,
				04BAE01A1E97FD310010779A /* pause.png */,
				04BAE01E1E9824410010779A /* tabbar-button-play.png */,
				04AA623C1E9B96A90002194B /* Running Rabbit-50.png */,
				04AA623D1E9B96AA0002194B /* Turtle-50.png */,
				04BAE0181E97FD2B0010779A /* play.png */,
				04BAE0201E9824ED0010779A /* tabbar-info.png */,
				04BAE0121E9786E00010779A /* dhammajak12minutes.mp3 */,
				04BAE0261E989D9C0010779A /* tabbar-icon-dhammajak.png */,
				04F179F51E963D3F00BF87CD /* dhammajak.mp3 */,
				04561B1A1E952A94008D7F5D /* LaunchScreen.storyboard */,
				04561B1D1E952A94008D7F5D /* Info.plist */,
			);
			path = dmj108;
			sourceTree = "<group>";
		};
/* End PBXGroup section */

/* Begin PBXNativeTarget section */
		04561B0B1E952A94008D7F5D /* dmj108 */ = {
			isa = PBXNativeTarget;
			buildConfigurationList = 04561B201E952A94008D7F5D /* Build configuration list for PBXNativeTarget "dmj108" */;
			buildPhases = (
				04561B081E952A94008D7F5D /* Sources */,
				04561B091E952A94008D7F5D /* Frameworks */,
				04561B0A1E952A94008D7F5D /* Resources */,
			);
			buildRules = (
			);
			dependencies = (
			);
			name = dmj108;
			productName = dmj108;
			productReference = 04561B0C1E952A94008D7F5D /* dmj108.app */;
			productType = "com.apple.product-type.application";
		};
/* End PBXNativeTarget section */

/* Begin PBXProject section */
		04561B041E952A94008D7F5D /* Project object */ = {
			isa = PBXProject;
			attributes = {
				LastSwiftUpdateCheck = 0820;
				LastUpgradeCheck = 0820;
				ORGANIZATIONNAME = "RGT Soft";
				TargetAttributes = {
					04561B0B1E952A94008D7F5D = {
						CreatedOnToolsVersion = 8.2.1;
						DevelopmentTeam = BJQ53SH4HW;
						ProvisioningStyle = Automatic;
						SystemCapabilities = {
							com.apple.BackgroundModes = {
								enabled = 1;
							};
						};
					};
				};
			};
			buildConfigurationList = 04561B071E952A94008D7F5D /* Build configuration list for PBXProject "dmj108" */;
			compatibilityVersion = "Xcode 3.2";
			developmentRegion = English;
			hasScannedForEncodings = 0;
			knownRegions = (
				en,
				Base,
			);
			mainGroup = 04561B031E952A94008D7F5D;
			productRefGroup = 04561B0D1E952A94008D7F5D /* Products */;
			projectDirPath = "";
			projectRoot = "";
			targets = (
				04561B0B1E952A94008D7F5D /* dmj108 */,
			);
		};
/* End PBXProject section */

/* Begin PBXResourcesBuildPhase section */
		04561B0A1E952A94008D7F5D /* Resources */ = {
			isa = PBXResourcesBuildPhase;
			buildActionMask = 2147483647;
			files = (
				04BAE0131E9786E10010779A /* dhammajak12minutes.mp3 in Resources */,
				04F179F61E963D3F00BF87CD /* dhammajak.mp3 in Resources */,
				04BAE01F1E9824410010779A /* tabbar-button-play.png in Resources */,
				04BAE01B1E97FD310010779A /* pause.png in Resources */,
				04AA623F1E9B96AA0002194B /* Turtle-50.png in Resources */,
				04BAE0191E97FD2B0010779A /* play.png in Resources */,
				04561B1C1E952A94008D7F5D /* LaunchScreen.storyboard in Resources */,
				04561B191E952A94008D7F5D /* Assets.xcassets in Resources */,
				04BAE01D1E98176F0010779A /* background.png in Resources */,
				04BAE0271E989D9C0010779A /* tabbar-icon-dhammajak.png in Resources */,
				04BAE0211E9824ED0010779A /* tabbar-info.png in Resources */,
				04561B171E952A94008D7F5D /* Main.storyboard in Resources */,
				04AA623E1E9B96AA0002194B /* Running Rabbit-50.png in Resources */,
			);
			runOnlyForDeploymentPostprocessing = 0;
		};
/* End PBXResourcesBuildPhase section */

/* Begin PBXSourcesBuildPhase section */
		04561B081E952A94008D7F5D /* Sources */ = {
			isa = PBXSourcesBuildPhase;
			buildActionMask = 2147483647;
			files = (
				04561B141E952A94008D7F5D /* SecondViewController.swift in Sources */,
				04561B101E952A94008D7F5D /* AppDelegate.swift in Sources */,
				04561B121E952A94008D7F5D /* FirstViewController.swift in Sources */,
			);
			runOnlyForDeploymentPostprocessing = 0;
		};
/* End PBXSourcesBuildPhase section */

/* Begin PBXVariantGroup section */
		04561B151E952A94008D7F5D /* Main.storyboard */ = {
			isa = PBXVariantGroup;
			children = (
				04561B161E952A94008D7F5D /* Base */,
			);
			name = Main.storyboard;
			sourceTree = "<group>";
		};
		04561B1A1E952A94008D7F5D /* LaunchScreen.storyboard */ = {
			isa = PBXVariantGroup;
			children = (
				04561B1B1E952A94008D7F5D /* Base */,
			);
			name = LaunchScreen.storyboard;
			sourceTree = "<group>";
		};
/* End PBXVariantGroup section */

/* Begin XCBuildConfiguration section */
		04561B1E1E952A94008D7F5D /* Debug */ = {
			isa = XCBuildConfiguration;
			buildSettings = {
				ALWAYS_SEARCH_USER_PATHS = NO;
				CLANG_ANALYZER_NONNULL = YES;
				CLANG_CXX_LANGUAGE_STANDARD = "gnu++0x";
				CLANG_CXX_LIBRARY = "libc++";
				CLANG_ENABLE_MODULES = YES;
				CLANG_ENABLE_OBJC_ARC = YES;
				CLANG_WARN_BOOL_CONVERSION = YES;
				CLANG_WARN_CONSTANT_CONVERSION = YES;
				CLANG_WARN_DIRECT_OBJC_ISA_USAGE = YES_ERROR;
				CLANG_WARN_DOCUMENTATION_COMMENTS = YES;
				CLANG_WARN_EMPTY_BODY = YES;
				CLANG_WARN_ENUM_CONVERSION = YES;
				CLANG_WARN_INFINITE_RECURSION = YES;
				CLANG_WARN_INT_CONVERSION = YES;
				CLANG_WARN_OBJC_ROOT_CLASS = YES_ERROR;
				CLANG_WARN_SUSPICIOUS_MOVE = YES;
				CLANG_WARN_UNREACHABLE_CODE = YES;
				CLANG_WARN__DUPLICATE_METHOD_MATCH = YES;
				"CODE_SIGN_IDENTITY[sdk=iphoneos*]" = "iPhone Developer";
				COPY_PHASE_STRIP = NO;
				DEBUG_INFORMATION_FORMAT = dwarf;
				ENABLE_STRICT_OBJC_MSGSEND = YES;
				ENABLE_TESTABILITY = YES;
				GCC_C_LANGUAGE_STANDARD = gnu99;
				GCC_DYNAMIC_NO_PIC = NO;
				GCC_NO_COMMON_BLOCKS = YES;
				GCC_OPTIMIZATION_LEVEL = 0;
				GCC_PREPROCESSOR_DEFINITIONS = (
					"DEBUG=1",
					"$(inherited)",
				);
				GCC_WARN_64_TO_32_BIT_CONVERSION = YES;
				GCC_WARN_ABOUT_RETURN_TYPE = YES_ERROR;
				GCC_WARN_UNDECLARED_SELECTOR = YES;
				GCC_WARN_UNINITIALIZED_AUTOS = YES_AGGRESSIVE;
				GCC_WARN_UNUSED_FUNCTION = YES;
				GCC_WARN_UNUSED_VARIABLE = YES;
				IPHONEOS_DEPLOYMENT_TARGET = 10.2;
				MTL_ENABLE_DEBUG_INFO = YES;
				ONLY_ACTIVE_ARCH = YES;
				SDKROOT = iphoneos;
				SWIFT_ACTIVE_COMPILATION_CONDITIONS = DEBUG;
				SWIFT_OPTIMIZATION_LEVEL = "-Onone";
				TARGETED_DEVICE_FAMILY = "1,2";
			};
			name = Debug;
		};
		04561B1F1E952A94008D7F5D /* Release */ = {
			isa = XCBuildConfiguration;
			buildSettings = {
				ALWAYS_SEARCH_USER_PATHS = NO;
				CLANG_ANALYZER_NONNULL = YES;
				CLANG_CXX_LANGUAGE_STANDARD = "gnu++0x";
				CLANG_CXX_LIBRARY = "libc++";
				CLANG_ENABLE_MODULES = YES;
				CLANG_ENABLE_OBJC_ARC = YES;
				CLANG_WARN_BOOL_CONVERSION = YES;
				CLANG_WARN_CONSTANT_CONVERSION = YES;
				CLANG_WARN_DIRECT_OBJC_ISA_USAGE = YES_ERROR;
				CLANG_WARN_DOCUMENTATION_COMMENTS = YES;
				CLANG_WARN_EMPTY_BODY = YES;
				CLANG_WARN_ENUM_CONVERSION = YES;
				CLANG_WARN_INFINITE_RECURSION = YES;
				CLANG_WARN_INT_CONVERSION = YES;
				CLANG_WARN_OBJC_ROOT_CLASS = YES_ERROR;
				CLANG_WARN_SUSPICIOUS_MOVE = YES;
				CLANG_WARN_UNREACHABLE_CODE = YES;
				CLANG_WARN__DUPLICATE_METHOD_MATCH = YES;
				"CODE_SIGN_IDENTITY[sdk=iphoneos*]" = "iPhone Developer";
				COPY_PHASE_STRIP = NO;
				DEBUG_INFORMATION_FORMAT = "dwarf-with-dsym";
				ENABLE_NS_ASSERTIONS = NO;
				ENABLE_STRICT_OBJC_MSGSEND = YES;
				GCC_C_LANGUAGE_STANDARD = gnu99;
				GCC_NO_COMMON_BLOCKS = YES;
				GCC_WARN_64_TO_32_BIT_CONVERSION = YES;
				GCC_WARN_ABOUT_RETURN_TYPE = YES_ERROR;
				GCC_WARN_UNDECLARED_SELECTOR = YES;
				GCC_WARN_UNINITIALIZED_AUTOS = YES_AGGRESSIVE;
				GCC_WARN_UNUSED_FUNCTION = YES;
				GCC_WARN_UNUSED_VARIABLE = YES;
				IPHONEOS_DEPLOYMENT_TARGET = 10.2;
				MTL_ENABLE_DEBUG_INFO = NO;
				SDKROOT = iphoneos;
				SWIFT_OPTIMIZATION_LEVEL = "-Owholemodule";
				TARGETED_DEVICE_FAMILY = "1,2";
				VALIDATE_PRODUCT = YES;
			};
			name = Release;
		};
		04561B211E952A94008D7F5D /* Debug */ = {
			isa = XCBuildConfiguration;
			buildSettings = {
				ASSETCATALOG_COMPILER_APPICON_NAME = AppIcon;
				"CODE_SIGN_IDENTITY[sdk=iphoneos*]" = "iPhone Developer";
				DEVELOPMENT_TEAM = BJQ53SH4HW;
				INFOPLIST_FILE = dmj108/Info.plist;
				IPHONEOS_DEPLOYMENT_TARGET = 9.3;
				LD_RUNPATH_SEARCH_PATHS = "$(inherited) @executable_path/Frameworks";
				PRODUCT_BUNDLE_IDENTIFIER = com.rgt.dhammajakplayer;
				PRODUCT_NAME = "$(TARGET_NAME)";
				PROVISIONING_PROFILE = "";
				PROVISIONING_PROFILE_SPECIFIER = "";
				SWIFT_VERSION = 3.0;
			};
			name = Debug;
		};
		04561B221E952A94008D7F5D /* Release */ = {
			isa = XCBuildConfiguration;
			buildSettings = {
				ASSETCATALOG_COMPILER_APPICON_NAME = AppIcon;
				"CODE_SIGN_IDENTITY[sdk=iphoneos*]" = "iPhone Developer";
				DEVELOPMENT_TEAM = BJQ53SH4HW;
				INFOPLIST_FILE = dmj108/Info.plist;
				IPHONEOS_DEPLOYMENT_TARGET = 9.3;
				LD_RUNPATH_SEARCH_PATHS = "$(inherited) @executable_path/Frameworks";
				PRODUCT_BUNDLE_IDENTIFIER = com.rgt.dhammajakplayer;
				PRODUCT_NAME = "$(TARGET_NAME)";
				PROVISIONING_PROFILE = "";
				PROVISIONING_PROFILE_SPECIFIER = "";
				SWIFT_VERSION = 3.0;
			};
			name = Release;
		};
/* End XCBuildConfiguration section */

/* Begin XCConfigurationList section */
		04561B071E952A94008D7F5D /* Build configuration list for PBXProject "dmj108" */ = {
			isa = XCConfigurationList;
			buildConfigurations = (
				04561B1E1E952A94008D7F5D /* Debug */,
				04561B1F1E952A94008D7F5D /* Release */,
			);
			defaultConfigurationIsVisible = 0;
			defaultConfigurationName = Release;
		};
		04561B201E952A94008D7F5D /* Build configuration list for PBXNativeTarget "dmj108" */ = {
			isa = XCConfigurationList;
			buildConfigurations = (
				04561B211E952A94008D7F5D /* Debug */,
				04561B221E952A94008D7F5D /* Release */,
			);
			defaultConfigurationIsVisible = 0;
			defaultConfigurationName = Release;
		};
/* End XCConfigurationList section */
	};
	rootObject = 04561B041E952A94008D7F5D /* Project object */;
}
